
Microsoft Visual Studio Solution File, Format Version 12.00
Project("{FAE04EC0-301F-11D3-BF4B-00C04F79EFBC}") = "backend.API", "backend.API\backend.API.csproj", "{4443097C-A2B7-48F1-82C8-7494A4BEC543}"
EndProject
Project("{FAE04EC0-301F-11D3-BF4B-00C04F79EFBC}") = "backend.Core", "backend.Core\backend.Core.csproj", "{88AC1AB6-FD78-405A-A7E7-AE3455D59BD8}"
EndProject
Project("{FAE04EC0-301F-11D3-BF4B-00C04F79EFBC}") = "backend.Infrastructure", "backend.Infrastructure\backend.Infrastructure.csproj", "{36D2A8E7-EC8A-4F9D-AA0E-C0C07FB5D9EE}"
EndProject
Project("{FAE04EC0-301F-11D3-BF4B-00C04F79EFBC}") = "UseCase.Tests", "UseCase.Tests\UseCase.Tests.csproj", "{8670CD3C-0F2A-44E8-B94A-B294091E50D6}"
EndProject
Project("{FAE04EC0-301F-11D3-BF4B-00C04F79EFBC}") = "backend.Exceptions", "backend.Exceptions\backend.Exceptions.csproj", "{10D91ADC-703E-474E-8CFE-7FDAE34A652F}"
EndProject
Project("{FAE04EC0-301F-11D3-BF4B-00C04F79EFBC}") = "Backend.Application", "Backend.Application\Backend.Application.csproj", "{33EE99E9-55FD-4968-98B4-2B4BB2FAFD09}"
EndProject
Project("{2150E333-8FDC-42A3-9474-1A3956D46DE8}") = "src", "src", "{D1E8A445-C244-4EE1-A345-B0CDBB19138D}"
EndProject
Project("{2150E333-8FDC-42A3-9474-1A3956D46DE8}") = "tests", "tests", "{50CC70C8-544E-4F0D-A1A9-385B954DC7C3}"
EndProject
Project("{FAE04EC0-301F-11D3-BF4B-00C04F79EFBC}") = "Validator.Tests", "Validator.Tests\Validator.Tests.csproj", "{D67629E8-F744-442A-905D-7168ED195339}"
EndProject
Project("{FAE04EC0-301F-11D3-BF4B-00C04F79EFBC}") = "CommonTestUtilties", "CommonTestUtilties\CommonTestUtilties.csproj", "{FAC4DDBA-87AA-4657-8618-DEA984AA5B62}"
EndProject
Global
	GlobalSection(SolutionConfigurationPlatforms) = preSolution
		Debug|Any CPU = Debug|Any CPU
		Release|Any CPU = Release|Any CPU
	EndGlobalSection
	GlobalSection(ProjectConfigurationPlatforms) = postSolution
		{4443097C-A2B7-48F1-82C8-7494A4BEC543}.Debug|Any CPU.ActiveCfg = Debug|Any CPU
		{4443097C-A2B7-48F1-82C8-7494A4BEC543}.Debug|Any CPU.Build.0 = Debug|Any CPU
		{4443097C-A2B7-48F1-82C8-7494A4BEC543}.Release|Any CPU.ActiveCfg = Release|Any CPU
		{4443097C-A2B7-48F1-82C8-7494A4BEC543}.Release|Any CPU.Build.0 = Release|Any CPU
		{88AC1AB6-FD78-405A-A7E7-AE3455D59BD8}.Debug|Any CPU.ActiveCfg = Debug|Any CPU
		{88AC1AB6-FD78-405A-A7E7-AE3455D59BD8}.Debug|Any CPU.Build.0 = Debug|Any CPU
		{88AC1AB6-FD78-405A-A7E7-AE3455D59BD8}.Release|Any CPU.ActiveCfg = Release|Any CPU
		{88AC1AB6-FD78-405A-A7E7-AE3455D59BD8}.Release|Any CPU.Build.0 = Release|Any CPU
		{36D2A8E7-EC8A-4F9D-AA0E-C0C07FB5D9EE}.Debug|Any CPU.ActiveCfg = Debug|Any CPU
		{36D2A8E7-EC8A-4F9D-AA0E-C0C07FB5D9EE}.Debug|Any CPU.Build.0 = Debug|Any CPU
		{36D2A8E7-EC8A-4F9D-AA0E-C0C07FB5D9EE}.Release|Any CPU.ActiveCfg = Release|Any CPU
		{36D2A8E7-EC8A-4F9D-AA0E-C0C07FB5D9EE}.Release|Any CPU.Build.0 = Release|Any CPU
		{8670CD3C-0F2A-44E8-B94A-B294091E50D6}.Debug|Any CPU.ActiveCfg = Debug|Any CPU
		{8670CD3C-0F2A-44E8-B94A-B294091E50D6}.Debug|Any CPU.Build.0 = Debug|Any CPU
		{8670CD3C-0F2A-44E8-B94A-B294091E50D6}.Release|Any CPU.ActiveCfg = Release|Any CPU
		{8670CD3C-0F2A-44E8-B94A-B294091E50D6}.Release|Any CPU.Build.0 = Release|Any CPU
		{10D91ADC-703E-474E-8CFE-7FDAE34A652F}.Debug|Any CPU.ActiveCfg = Debug|Any CPU
		{10D91ADC-703E-474E-8CFE-7FDAE34A652F}.Debug|Any CPU.Build.0 = Debug|Any CPU
		{10D91ADC-703E-474E-8CFE-7FDAE34A652F}.Release|Any CPU.ActiveCfg = Release|Any CPU
		{10D91ADC-703E-474E-8CFE-7FDAE34A652F}.Release|Any CPU.Build.0 = Release|Any CPU
		{33EE99E9-55FD-4968-98B4-2B4BB2FAFD09}.Debug|Any CPU.ActiveCfg = Debug|Any CPU
		{33EE99E9-55FD-4968-98B4-2B4BB2FAFD09}.Debug|Any CPU.Build.0 = Debug|Any CPU
		{33EE99E9-55FD-4968-98B4-2B4BB2FAFD09}.Release|Any CPU.ActiveCfg = Release|Any CPU
		{33EE99E9-55FD-4968-98B4-2B4BB2FAFD09}.Release|Any CPU.Build.0 = Release|Any CPU
		{D67629E8-F744-442A-905D-7168ED195339}.Debug|Any CPU.ActiveCfg = Debug|Any CPU
		{D67629E8-F744-442A-905D-7168ED195339}.Debug|Any CPU.Build.0 = Debug|Any CPU
		{D67629E8-F744-442A-905D-7168ED195339}.Release|Any CPU.ActiveCfg = Release|Any CPU
		{D67629E8-F744-442A-905D-7168ED195339}.Release|Any CPU.Build.0 = Release|Any CPU
		{FAC4DDBA-87AA-4657-8618-DEA984AA5B62}.Debug|Any CPU.ActiveCfg = Debug|Any CPU
		{FAC4DDBA-87AA-4657-8618-DEA984AA5B62}.Debug|Any CPU.Build.0 = Debug|Any CPU
		{FAC4DDBA-87AA-4657-8618-DEA984AA5B62}.Release|Any CPU.ActiveCfg = Release|Any CPU
		{FAC4DDBA-87AA-4657-8618-DEA984AA5B62}.Release|Any CPU.Build.0 = Release|Any CPU
	EndGlobalSection
	GlobalSection(NestedProjects) = preSolution
		{4443097C-A2B7-48F1-82C8-7494A4BEC543} = {D1E8A445-C244-4EE1-A345-B0CDBB19138D}
		{33EE99E9-55FD-4968-98B4-2B4BB2FAFD09} = {D1E8A445-C244-4EE1-A345-B0CDBB19138D}
		{88AC1AB6-FD78-405A-A7E7-AE3455D59BD8} = {D1E8A445-C244-4EE1-A345-B0CDBB19138D}
		{10D91ADC-703E-474E-8CFE-7FDAE34A652F} = {D1E8A445-C244-4EE1-A345-B0CDBB19138D}
		{36D2A8E7-EC8A-4F9D-AA0E-C0C07FB5D9EE} = {D1E8A445-C244-4EE1-A345-B0CDBB19138D}
		{8670CD3C-0F2A-44E8-B94A-B294091E50D6} = {50CC70C8-544E-4F0D-A1A9-385B954DC7C3}
		{D67629E8-F744-442A-905D-7168ED195339} = {50CC70C8-544E-4F0D-A1A9-385B954DC7C3}
		{FAC4DDBA-87AA-4657-8618-DEA984AA5B62} = {50CC70C8-544E-4F0D-A1A9-385B954DC7C3}
	EndGlobalSection
EndGlobal
